Microsoft Visual Studio Solution File, Format Version 12.00
# Visual Studio Version 17
VisualStudioVersion = 17.5.2.0
MinimumVisualStudioVersion = 10.0.40219.1
Project("{FAE04EC0-301F-11D3-BF4B-00C04F79EFBC}") = "StudentFunctions", "StudentFunctions.csproj", "{BF406F94-B0A3-4489-69DA-1846DD01208C}"
EndProject
Global
	GlobalSection(SolutionConfigurationPlatforms) = preSolution
		Debug|Any CPU = Debug|Any CPU
		Release|Any CPU = Release|Any CPU
	EndGlobalSection
	GlobalSection(ProjectConfigurationPlatforms) = postSolution
		{BF406F94-B0A3-4489-69DA-1846DD01208C}.Debug|Any CPU.ActiveCfg = Debug|Any CPU
		{BF406F94-B0A3-4489-69DA-1846DD01208C}.Debug|Any CPU.Build.0 = Debug|Any CPU
		{BF406F94-B0A3-4489-69DA-1846DD01208C}.Release|Any CPU.ActiveCfg = Release|Any CPU
		{BF406F94-B0A3-4489-69DA-1846DD01208C}.Release|Any CPU.Build.0 = Release|Any CPU
	EndGlobalSection
	GlobalSection(SolutionProperties) = preSolution
		HideSolutionNode = FALSE
	EndGlobalSection
	GlobalSection(ExtensibilityGlobals) = postSolution
		SolutionGuid = {4A865D10-48A3-4205-BF29-53415189BD60}
	EndGlobalSection
EndGlobal
